# This file is automatically @generated by Cargo.
# It is not intended for manual editing.
version = 4

[[package]]
name = "libc"
version = "0.2.186"
source = "registry+https://github.com/rust-lang/crates.io-index"
checksum = "68ab91017fe16c622486840e4c83c9a37afeff978bd239b5293d61ece587de66"

[[package]]
name = "mctp"
version = "0.2.0"
source = "registry+https://github.com/rust-lang/crates.io-index"
checksum = "d8280034c4afaa377d825c17261987ff26a638369ea4b46919e1726741eec253"

[[package]]
name = "mctp-linux"
version = "0.2.0"
source = "registry+https://github.com/rust-lang/crates.io-index"
checksum = "83222ce4977f40219231ca53cce871a2b24809b9e470d07301312d98fefa797a"
dependencies = [
 "libc",
 "mctp",
]

[[package]]
name = "test-mctp-request"
version = "0.1.0"
dependencies = [
 "mctp",
 "mctp-linux",
]
